
Microsoft Visual Studio Solution File, Format Version 12.00
# Visual Studio Version 16
VisualStudioVersion = 16.0.29911.84
MinimumVisualStudioVersion = 10.0.40219.1
Project("{FAE04EC0-301F-11D3-BF4B-00C04F79EFBC}") = "zad2", "zad2\zad2.csproj", "{C8C1D388-A2FF-42A0-8913-7F3A8641D792}"
EndProject
Global
	GlobalSection(SolutionConfigurationPlatforms) = preSolution
		Debug|Any CPU = Debug|Any CPU
		Release|Any CPU = Release|Any CPU
	EndGlobalSection
	GlobalSection(ProjectConfigurationPlatforms) = postSolution
		{C8C1D388-A2FF-42A0-8913-7F3A8641D792}.Debug|Any CPU.ActiveCfg = Debug|Any CPU
		{C8C1D388-A2FF-42A0-8913-7F3A8641D792}.Debug|Any CPU.Build.0 = Debug|Any CPU
		{C8C1D388-A2FF-42A0-8913-7F3A8641D792}.Release|Any CPU.ActiveCfg = Release|Any CPU
		{C8C1D388-A2FF-42A0-8913-7F3A8641D792}.Release|Any CPU.Build.0 = Release|Any CPU
	EndGlobalSection
	GlobalSection(SolutionProperties) = preSolution
		HideSolutionNode = FALSE
	EndGlobalSection
	GlobalSection(ExtensibilityGlobals) = postSolution
		SolutionGuid = {8BAE1413-F3C9-4779-912A-E13D2F783842}
	EndGlobalSection
EndGlobal
