
Microsoft Visual Studio Solution File, Format Version 12.00
# Visual Studio Version 16
VisualStudioVersion = 16.0.29911.84
MinimumVisualStudioVersion = 10.0.40219.1
Project("{FAE04EC0-301F-11D3-BF4B-00C04F79EFBC}") = "zad6", "zad6\zad6.csproj", "{D98CA0F0-5AB5-4419-8939-08E886D99876}"
EndProject
Global
	GlobalSection(SolutionConfigurationPlatforms) = preSolution
		Debug|Any CPU = Debug|Any CPU
		Release|Any CPU = Release|Any CPU
	EndGlobalSection
	GlobalSection(ProjectConfigurationPlatforms) = postSolution
		{D98CA0F0-5AB5-4419-8939-08E886D99876}.Debug|Any CPU.ActiveCfg = Debug|Any CPU
		{D98CA0F0-5AB5-4419-8939-08E886D99876}.Debug|Any CPU.Build.0 = Debug|Any CPU
		{D98CA0F0-5AB5-4419-8939-08E886D99876}.Release|Any CPU.ActiveCfg = Release|Any CPU
		{D98CA0F0-5AB5-4419-8939-08E886D99876}.Release|Any CPU.Build.0 = Release|Any CPU
	EndGlobalSection
	GlobalSection(SolutionProperties) = preSolution
		HideSolutionNode = FALSE
	EndGlobalSection
	GlobalSection(ExtensibilityGlobals) = postSolution
		SolutionGuid = {8101CD47-567E-4B85-A979-C1662431F8F5}
	EndGlobalSection
EndGlobal
