
Microsoft Visual Studio Solution File, Format Version 12.00
# Visual Studio Version 16
VisualStudioVersion = 16.0.29911.84
MinimumVisualStudioVersion = 10.0.40219.1
Project("{FAE04EC0-301F-11D3-BF4B-00C04F79EFBC}") = "zad1", "zad1\zad1.csproj", "{FA080383-E266-4719-A0AE-85281490009E}"
EndProject
Global
	GlobalSection(SolutionConfigurationPlatforms) = preSolution
		Debug|Any CPU = Debug|Any CPU
		Release|Any CPU = Release|Any CPU
	EndGlobalSection
	GlobalSection(ProjectConfigurationPlatforms) = postSolution
		{FA080383-E266-4719-A0AE-85281490009E}.Debug|Any CPU.ActiveCfg = Debug|Any CPU
		{FA080383-E266-4719-A0AE-85281490009E}.Debug|Any CPU.Build.0 = Debug|Any CPU
		{FA080383-E266-4719-A0AE-85281490009E}.Release|Any CPU.ActiveCfg = Release|Any CPU
		{FA080383-E266-4719-A0AE-85281490009E}.Release|Any CPU.Build.0 = Release|Any CPU
	EndGlobalSection
	GlobalSection(SolutionProperties) = preSolution
		HideSolutionNode = FALSE
	EndGlobalSection
	GlobalSection(ExtensibilityGlobals) = postSolution
		SolutionGuid = {8124DCC5-B43F-4967-A97E-CE62461B9663}
	EndGlobalSection
EndGlobal
