
Microsoft Visual Studio Solution File, Format Version 12.00
# Visual Studio Version 16
VisualStudioVersion = 16.0.29911.84
MinimumVisualStudioVersion = 10.0.40219.1
Project("{FAE04EC0-301F-11D3-BF4B-00C04F79EFBC}") = "zad3", "zad3\zad3.csproj", "{B73A9978-06E4-43AB-94FC-C23DD9FD055D}"
EndProject
Global
	GlobalSection(SolutionConfigurationPlatforms) = preSolution
		Debug|Any CPU = Debug|Any CPU
		Release|Any CPU = Release|Any CPU
	EndGlobalSection
	GlobalSection(ProjectConfigurationPlatforms) = postSolution
		{B73A9978-06E4-43AB-94FC-C23DD9FD055D}.Debug|Any CPU.ActiveCfg = Debug|Any CPU
		{B73A9978-06E4-43AB-94FC-C23DD9FD055D}.Debug|Any CPU.Build.0 = Debug|Any CPU
		{B73A9978-06E4-43AB-94FC-C23DD9FD055D}.Release|Any CPU.ActiveCfg = Release|Any CPU
		{B73A9978-06E4-43AB-94FC-C23DD9FD055D}.Release|Any CPU.Build.0 = Release|Any CPU
	EndGlobalSection
	GlobalSection(SolutionProperties) = preSolution
		HideSolutionNode = FALSE
	EndGlobalSection
	GlobalSection(ExtensibilityGlobals) = postSolution
		SolutionGuid = {C15CE793-CD22-42E4-8187-68BC71684636}
	EndGlobalSection
EndGlobal
