
Microsoft Visual Studio Solution File, Format Version 12.00
# Visual Studio Version 16
VisualStudioVersion = 16.0.29911.84
MinimumVisualStudioVersion = 10.0.40219.1
Project("{8BC9CEB8-8B4A-11D0-8D11-00A0C91BC942}") = "zad1", "zad1\zad1.vcxproj", "{62B250EC-8833-45E9-8CFC-7BBC3CF2D208}"
EndProject
Project("{8BC9CEB8-8B4A-11D0-8D11-00A0C91BC942}") = "zad2", "zad2\zad2.vcxproj", "{139803AB-A1DF-4A0C-A0FE-E2D2E5139851}"
EndProject
Global
	GlobalSection(SolutionConfigurationPlatforms) = preSolution
		Debug|x64 = Debug|x64
		Debug|x86 = Debug|x86
		Release|x64 = Release|x64
		Release|x86 = Release|x86
	EndGlobalSection
	GlobalSection(ProjectConfigurationPlatforms) = postSolution
		{62B250EC-8833-45E9-8CFC-7BBC3CF2D208}.Debug|x64.ActiveCfg = Debug|x64
		{62B250EC-8833-45E9-8CFC-7BBC3CF2D208}.Debug|x64.Build.0 = Debug|x64
		{62B250EC-8833-45E9-8CFC-7BBC3CF2D208}.Debug|x86.ActiveCfg = Debug|Win32
		{62B250EC-8833-45E9-8CFC-7BBC3CF2D208}.Debug|x86.Build.0 = Debug|Win32
		{62B250EC-8833-45E9-8CFC-7BBC3CF2D208}.Release|x64.ActiveCfg = Release|x64
		{62B250EC-8833-45E9-8CFC-7BBC3CF2D208}.Release|x64.Build.0 = Release|x64
		{62B250EC-8833-45E9-8CFC-7BBC3CF2D208}.Release|x86.ActiveCfg = Release|Win32
		{62B250EC-8833-45E9-8CFC-7BBC3CF2D208}.Release|x86.Build.0 = Release|Win32
		{139803AB-A1DF-4A0C-A0FE-E2D2E5139851}.Debug|x64.ActiveCfg = Debug|x64
		{139803AB-A1DF-4A0C-A0FE-E2D2E5139851}.Debug|x64.Build.0 = Debug|x64
		{139803AB-A1DF-4A0C-A0FE-E2D2E5139851}.Debug|x86.ActiveCfg = Debug|Win32
		{139803AB-A1DF-4A0C-A0FE-E2D2E5139851}.Debug|x86.Build.0 = Debug|Win32
		{139803AB-A1DF-4A0C-A0FE-E2D2E5139851}.Release|x64.ActiveCfg = Release|x64
		{139803AB-A1DF-4A0C-A0FE-E2D2E5139851}.Release|x64.Build.0 = Release|x64
		{139803AB-A1DF-4A0C-A0FE-E2D2E5139851}.Release|x86.ActiveCfg = Release|Win32
		{139803AB-A1DF-4A0C-A0FE-E2D2E5139851}.Release|x86.Build.0 = Release|Win32
	EndGlobalSection
	GlobalSection(SolutionProperties) = preSolution
		HideSolutionNode = FALSE
	EndGlobalSection
	GlobalSection(ExtensibilityGlobals) = postSolution
		SolutionGuid = {F0A9376F-CB0A-4D79-B8B6-F050EDCFA997}
	EndGlobalSection
EndGlobal
