
Microsoft Visual Studio Solution File, Format Version 12.00
# Visual Studio Version 16
VisualStudioVersion = 16.0.29911.84
MinimumVisualStudioVersion = 10.0.40219.1
Project("{FAE04EC0-301F-11D3-BF4B-00C04F79EFBC}") = "zad2", "zad2\zad2.csproj", "{B94B558A-9EEC-4506-80C6-9363A3486950}"
EndProject
Global
	GlobalSection(SolutionConfigurationPlatforms) = preSolution
		Debug|Any CPU = Debug|Any CPU
		Release|Any CPU = Release|Any CPU
	EndGlobalSection
	GlobalSection(ProjectConfigurationPlatforms) = postSolution
		{B94B558A-9EEC-4506-80C6-9363A3486950}.Debug|Any CPU.ActiveCfg = Debug|Any CPU
		{B94B558A-9EEC-4506-80C6-9363A3486950}.Debug|Any CPU.Build.0 = Debug|Any CPU
		{B94B558A-9EEC-4506-80C6-9363A3486950}.Release|Any CPU.ActiveCfg = Release|Any CPU
		{B94B558A-9EEC-4506-80C6-9363A3486950}.Release|Any CPU.Build.0 = Release|Any CPU
	EndGlobalSection
	GlobalSection(SolutionProperties) = preSolution
		HideSolutionNode = FALSE
	EndGlobalSection
	GlobalSection(ExtensibilityGlobals) = postSolution
		SolutionGuid = {DE9226B2-1562-40E3-B9B9-BA1E6C6CBBF5}
	EndGlobalSection
EndGlobal
